# Generated by component-test; do not edit.
version = "0.1"

[suite]
name = "conformance_guest_ct"
artifact_sha256 = "9b116e5eaad238d1ecdc414e2e10a9f8237bf2930996619a5fb9470fb7d0afcc"

[[case]]
name = "websocket/close/abnormal"

[[case]]
name = "websocket/close/boundary-codes"

[[case]]
name = "websocket/close/handshake-timeout"

[[case]]
name = "websocket/close/invalid-code"

[[case]]
name = "websocket/close/local"

[[case]]
name = "websocket/close/local-default"

[[case]]
name = "websocket/close/local-idempotent"

[[case]]
name = "websocket/close/reason-too-long"

[[case]]
name = "websocket/close/reason-unicode"

[[case]]
name = "websocket/close/reason-without-code"

[[case]]
name = "websocket/close/receive-after-close"

[[case]]
name = "websocket/close/receive-backlog-before-close"

[[case]]
name = "websocket/close/remote"

[[case]]
name = "websocket/close/remote-no-code"

[[case]]
name = "websocket/close/send-after-close"

[[case]]
name = "websocket/close/under-send-backpressure"

[[case]]
name = "websocket/connect/basic"

[[case]]
name = "websocket/connect/invalid-protocols"

[[case]]
name = "websocket/connect/invalid-url"

[[case]]
name = "websocket/connect/redirect"

[[case]]
name = "websocket/connect/refused"

[[case]]
name = "websocket/connect/rejected"

[[case]]
name = "websocket/connect/timeout"

[[case]]
name = "websocket/echo/binary"

[[case]]
name = "websocket/echo/empty"

[[case]]
name = "websocket/echo/large"

[[case]]
name = "websocket/echo/text"

[[case]]
name = "websocket/echo/text-unicode"

[[case]]
name = "websocket/flow-control/overflow-oversized-message"

[[case]]
name = "websocket/flow-control/overflow-oversized-message-pending"

[[case]]
name = "websocket/flow-control/receive-buffer-overflow"

[[case]]
name = "websocket/flow-control/receive-buffer-overflow-unacknowledged"

[[case]]
name = "websocket/lifecycle/state"

[[case]]
name = "websocket/lifecycle/wait-closed-latched"

[[case]]
name = "websocket/lifecycle/wait-closed-pending"

[[case]]
name = "websocket/message/binary-text-interleave"

[[case]]
name = "websocket/message/boundaries"

[[case]]
name = "websocket/message/concurrent-receives"

[[case]]
name = "websocket/message/concurrent-send-receive"

[[case]]
name = "websocket/streaming/receive-via-stream"

[[case]]
name = "websocket/streaming/receive-via-stream-end-on-close"

[[case]]
name = "websocket/streaming/receive-via-stream-once"

[[case]]
name = "websocket/streaming/receive-via-stream-overflow"

[[case]]
name = "websocket/streaming/send-via-stream"

[[case]]
name = "websocket/streaming/send-via-stream-invalid-utf8"

[[case]]
name = "websocket/streaming/send-via-stream-length-mismatch"

[[case]]
name = "websocket/streaming/send-via-stream-sent-count"

[[case]]
name = "websocket/streaming/text-round-trip"

[[case]]
name = "websocket/subprotocol/negotiated"

[[case]]
name = "websocket/subprotocol/none-offered"

[[case]]
name = "websocket/subprotocol/none-selected"

[[case]]
name = "websocket/subprotocol/unoffered-selected"
